<?xml version="1.0" encoding="utf-8"?>
<Project ToolsVersion="4.0" xmlns="http://schemas.microsoft.com/developer/msbuild/2003">
  <ItemGroup>
    <Filter Include="源文件">
      <UniqueIdentifier>{4FC737F1-C7A5-4376-A066-2A32D752A2FF}</UniqueIdentifier>
      <Extensions>cpp;c;cc;cxx;def;odl;idl;hpj;bat;asm;asmx</Extensions>
    </Filter>
    <Filter Include="头文件">
      <UniqueIdentifier>{93995380-89BD-4b04-88EB-625FBE52EBFB}</UniqueIdentifier>
      <Extensions>h;hh;hpp;hxx;hm;inl;inc;xsd</Extensions>
    </Filter>
    <Filter Include="资源文件">
      <UniqueIdentifier>{67DA6AB6-F800-4c08-8B7A-83BB121AAD01}</UniqueIdentifier>
      <Extensions>rc;ico;cur;bmp;dlg;rc2;rct;bin;rgs;gif;jpg;jpeg;jpe;resx;tiff;tif;png;wav;mfcribbon-ms</Extensions>
    </Filter>
    <Filter Include="头文件\Package">
      <UniqueIdentifier>{b5d8bd0f-17e2-42ab-abf7-d4ba02e54831}</UniqueIdentifier>
    </Filter>
    <Filter Include="源文件\Package">
      <UniqueIdentifier>{8dfdfff8-f5f5-48d1-bc60-3ecca8a22ef5}</UniqueIdentifier>
    </Filter>
  </ItemGroup>
  <ItemGroup>
    <None Include="ArduinoDoorControler.ino" />
  </ItemGroup>
  <ItemGroup>
    <ClInclude Include="Visual Micro\.ArduinoDoorControler.vsarduino.h">
      <Filter>头文件</Filter>
    </ClInclude>
    <ClInclude Include="SleepManager.h">
      <Filter>头文件</Filter>
    </ClInclude>
    <ClInclude Include="Main.h">
      <Filter>头文件</Filter>
    </ClInclude>
    <ClInclude Include="ServoControl.h">
      <Filter>头文件</Filter>
    </ClInclude>
    <ClInclude Include="BTManager.h">
      <Filter>头文件</Filter>
    </ClInclude>
    <ClInclude Include="Utility.h">
      <Filter>头文件</Filter>
    </ClInclude>
    <ClInclude Include="Visual Micro\.DoorControl.vsarduino.h">
      <Filter>头文件</Filter>
    </ClInclude>
    <ClInclude Include="ByteBuffer.h">
      <Filter>头文件\Package</Filter>
    </ClInclude>
    <ClInclude Include="ByteStreamBuffer.h">
      <Filter>头文件\Package</Filter>
    </ClInclude>
    <ClInclude Include="Crc32.h">
      <Filter>头文件\Package</Filter>
    </ClInclude>
    <ClInclude Include="Encrypter.h">
      <Filter>头文件\Package</Filter>
    </ClInclude>
    <ClInclude Include="MessageDecoder.h">
      <Filter>头文件\Package</Filter>
    </ClInclude>
    <ClInclude Include="MessageEncoder.h">
      <Filter>头文件\Package</Filter>
    </ClInclude>
    <ClInclude Include="Param.h">
      <Filter>头文件\Package</Filter>
    </ClInclude>
    <ClInclude Include="Splitter.h">
      <Filter>头文件\Package</Filter>
    </ClInclude>
    <ClInclude Include="SubBytesFinder.h">
      <Filter>头文件\Package</Filter>
    </ClInclude>
    <ClInclude Include="DeviceTalker.h">
      <Filter>头文件</Filter>
    </ClInclude>
    <ClInclude Include="MD5.h">
      <Filter>头文件</Filter>
    </ClInclude>
  </ItemGroup>
  <ItemGroup>
    <ClCompile Include="Main.cpp">
      <Filter>源文件</Filter>
    </ClCompile>
    <ClCompile Include="ServoControl.cpp">
      <Filter>源文件</Filter>
    </ClCompile>
    <ClCompile Include="BTManager.cpp">
      <Filter>源文件</Filter>
    </ClCompile>
    <ClCompile Include="SleepManager.cpp">
      <Filter>源文件</Filter>
    </ClCompile>
    <ClCompile Include="ByteStreamBuffer.cpp">
      <Filter>源文件\Package</Filter>
    </ClCompile>
    <ClCompile Include="ByteBuffer.cpp">
      <Filter>源文件\Package</Filter>
    </ClCompile>
    <ClCompile Include="Crc32.cpp">
      <Filter>源文件\Package</Filter>
    </ClCompile>
    <ClCompile Include="Encrypter.cpp">
      <Filter>源文件\Package</Filter>
    </ClCompile>
    <ClCompile Include="MessageDecoder.cpp">
      <Filter>源文件\Package</Filter>
    </ClCompile>
    <ClCompile Include="MessageEncoder.cpp">
      <Filter>源文件\Package</Filter>
    </ClCompile>
    <ClCompile Include="Param.cpp">
      <Filter>源文件\Package</Filter>
    </ClCompile>
    <ClCompile Include="Splitter.cpp">
      <Filter>源文件\Package</Filter>
    </ClCompile>
    <ClCompile Include="SubBytesFinder.cpp">
      <Filter>源文件\Package</Filter>
    </ClCompile>
    <ClCompile Include="MD5.cpp">
      <Filter>源文件</Filter>
    </ClCompile>
    <ClCompile Include="KeyVerifier.h">
      <Filter>头文件</Filter>
    </ClCompile>
    <ClCompile Include="DeviceTalker.cpp">
      <Filter>源文件</Filter>
    </ClCompile>
    <ClCompile Include="KeyVerifier.cpp">
      <Filter>源文件</Filter>
    </ClCompile>
  </ItemGroup>
</Project>